
Microsoft Visual Studio Solution File, Format Version 12.00
# Visual Studio 15
VisualStudioVersion = 15.0.28307.645
MinimumVisualStudioVersion = 10.0.40219.1
Project("{FAE04EC0-301F-11D3-BF4B-00C04F79EFBC}") = "MVCEventApplication", "MVCEventApplication\MVCEventApplication.csproj", "{0980BF9C-DA1C-4C48-93B4-783A3D8F737F}"
EndProject
Global
	GlobalSection(SolutionConfigurationPlatforms) = preSolution
		Debug|Any CPU = Debug|Any CPU
		Release|Any CPU = Release|Any CPU
	EndGlobalSection
	GlobalSection(ProjectConfigurationPlatforms) = postSolution
		{0980BF9C-DA1C-4C48-93B4-783A3D8F737F}.Debug|Any CPU.ActiveCfg = Debug|Any CPU
		{0980BF9C-DA1C-4C48-93B4-783A3D8F737F}.Debug|Any CPU.Build.0 = Debug|Any CPU
		{0980BF9C-DA1C-4C48-93B4-783A3D8F737F}.Release|Any CPU.ActiveCfg = Release|Any CPU
		{0980BF9C-DA1C-4C48-93B4-783A3D8F737F}.Release|Any CPU.Build.0 = Release|Any CPU
	EndGlobalSection
	GlobalSection(SolutionProperties) = preSolution
		HideSolutionNode = FALSE
	EndGlobalSection
	GlobalSection(ExtensibilityGlobals) = postSolution
		SolutionGuid = {2A19BAF5-41D6-4DBE-B4A0-0CCEDA4F6744}
	EndGlobalSection
EndGlobal
