
Microsoft Visual Studio Solution File, Format Version 12.00
# Visual Studio 15
VisualStudioVersion = 15.0.28307.645
MinimumVisualStudioVersion = 10.0.40219.1
Project("{FAE04EC0-301F-11D3-BF4B-00C04F79EFBC}") = "EnrollmentApplication", "EnrollmentApplication\EnrollmentApplication.csproj", "{D9C5D0CC-15C6-417D-A022-3ADDCECDB5EE}"
EndProject
Global
	GlobalSection(SolutionConfigurationPlatforms) = preSolution
		Debug|Any CPU = Debug|Any CPU
		Release|Any CPU = Release|Any CPU
	EndGlobalSection
	GlobalSection(ProjectConfigurationPlatforms) = postSolution
		{D9C5D0CC-15C6-417D-A022-3ADDCECDB5EE}.Debug|Any CPU.ActiveCfg = Debug|Any CPU
		{D9C5D0CC-15C6-417D-A022-3ADDCECDB5EE}.Debug|Any CPU.Build.0 = Debug|Any CPU
		{D9C5D0CC-15C6-417D-A022-3ADDCECDB5EE}.Release|Any CPU.ActiveCfg = Release|Any CPU
		{D9C5D0CC-15C6-417D-A022-3ADDCECDB5EE}.Release|Any CPU.Build.0 = Release|Any CPU
	EndGlobalSection
	GlobalSection(SolutionProperties) = preSolution
		HideSolutionNode = FALSE
	EndGlobalSection
	GlobalSection(ExtensibilityGlobals) = postSolution
		SolutionGuid = {DE7048BD-66EF-40B5-A373-7334F1B16F7D}
	EndGlobalSection
EndGlobal
